
Microsoft Visual Studio Solution File, Format Version 12.00
# Visual Studio Version 17
VisualStudioVersion = 17.3.32929.385
MinimumVisualStudioVersion = 10.0.40219.1
Project("{FAE04EC0-301F-11D3-BF4B-00C04F79EFBC}") = "LavaRapido", "LavaRapido\LavaRapido.csproj", "{40B0F47A-8657-4A23-BAC5-58C09C4418C6}"
EndProject
Global
	GlobalSection(SolutionConfigurationPlatforms) = preSolution
		Debug|Any CPU = Debug|Any CPU
		Release|Any CPU = Release|Any CPU
	EndGlobalSection
	GlobalSection(ProjectConfigurationPlatforms) = postSolution
		{40B0F47A-8657-4A23-BAC5-58C09C4418C6}.Debug|Any CPU.ActiveCfg = Debug|Any CPU
		{40B0F47A-8657-4A23-BAC5-58C09C4418C6}.Debug|Any CPU.Build.0 = Debug|Any CPU
		{40B0F47A-8657-4A23-BAC5-58C09C4418C6}.Release|Any CPU.ActiveCfg = Release|Any CPU
		{40B0F47A-8657-4A23-BAC5-58C09C4418C6}.Release|Any CPU.Build.0 = Release|Any CPU
	EndGlobalSection
	GlobalSection(SolutionProperties) = preSolution
		HideSolutionNode = FALSE
	EndGlobalSection
	GlobalSection(ExtensibilityGlobals) = postSolution
		SolutionGuid = {BBA778CE-FC89-4A65-B2DB-D0512861676F}
	EndGlobalSection
EndGlobal
